
Microsoft Visual Studio Solution File, Format Version 11.00
# Visual Studio 2010
# SharpDevelop 4.4
Project("{FAE04EC0-301F-11D3-BF4B-00C04F79EFBC}") = "DropLauncher", "DropLauncher.csproj", "{D018AD57-C839-445C-8FE7-C2970657534B}"
EndProject
Global
	GlobalSection(SolutionConfigurationPlatforms) = preSolution
		Debug|Any CPU = Debug|Any CPU
		Release|Any CPU = Release|Any CPU
	EndGlobalSection
	GlobalSection(ProjectConfigurationPlatforms) = postSolution
		{D018AD57-C839-445C-8FE7-C2970657534B}.Debug|Any CPU.Build.0 = Debug|Any CPU
		{D018AD57-C839-445C-8FE7-C2970657534B}.Debug|Any CPU.ActiveCfg = Debug|Any CPU
		{D018AD57-C839-445C-8FE7-C2970657534B}.Release|Any CPU.Build.0 = Release|Any CPU
		{D018AD57-C839-445C-8FE7-C2970657534B}.Release|Any CPU.ActiveCfg = Release|Any CPU
	EndGlobalSection
EndGlobal
